// !$*UTF8*$!
{
	archiveVersion = 1;
	classes = {
	};
	objectVersion = 56;
	objects = {

/* Begin PBXBuildFile section */
		848BF3FE29A128A5007FD479 /* UIView+Extensions.m in Sources */ = {isa = PBXBuildFile; fileRef = 848BF3FD29A128A5007FD479 /* UIView+Extensions.m */; };
		848BF40329A1308D007FD479 /* User.m in Sources */ = {isa = PBXBuildFile; fileRef = 848BF40229A1308D007FD479 /* User.m */; };
		84C5B23F299D06F9006C29F7 /* AppDelegate.m in Sources */ = {isa = PBXBuildFile; fileRef = 84C5B23E299D06F9006C29F7 /* AppDelegate.m */; };
		84C5B242299D06F9006C29F7 /* SceneDelegate.m in Sources */ = {isa = PBXBuildFile; fileRef = 84C5B241299D06F9006C29F7 /* SceneDelegate.m */; };
		84C5B245299D06F9006C29F7 /* HomeViewController.m in Sources */ = {isa = PBXBuildFile; fileRef = 84C5B244299D06F9006C29F7 /* HomeViewController.m */; };
		84C5B248299D06F9006C29F7 /* Main.storyboard in Resources */ = {isa = PBXBuildFile; fileRef = 84C5B246299D06F9006C29F7 /* Main.storyboard */; };
		84C5B24A299D06FA006C29F7 /* Assets.xcassets in Resources */ = {isa = PBXBuildFile; fileRef = 84C5B249299D06FA006C29F7 /* Assets.xcassets */; };
		84C5B24D299D06FA006C29F7 /* LaunchScreen.storyboard in Resources */ = {isa = PBXBuildFile; fileRef = 84C5B24B299D06FA006C29F7 /* LaunchScreen.storyboard */; };
		84C5B250299D06FA006C29F7 /* main.m in Sources */ = {isa = PBXBuildFile; fileRef = 84C5B24F299D06FA006C29F7 /* main.m */; };
		84C5B259299D0F1E006C29F7 /* HomeBottomControlsStackView.m in Sources */ = {isa = PBXBuildFile; fileRef = 84C5B258299D0F1E006C29F7 /* HomeBottomControlsStackView.m */; };
		84C5B25C299D1511006C29F7 /* TopNavigationStackView.m in Sources */ = {isa = PBXBuildFile; fileRef = 84C5B25B299D1511006C29F7 /* TopNavigationStackView.m */; };
		84C5B25F299EED4F006C29F7 /* CardView.m in Sources */ = {isa = PBXBuildFile; fileRef = 84C5B25E299EED4F006C29F7 /* CardView.m */; };
/* End PBXBuildFile section */

/* Begin PBXFileReference section */
		848BF3FC29A128A5007FD479 /* UIView+Extensions.h */ = {isa = PBXFileReference; lastKnownFileType = sourcecode.c.h; path = "UIView+Extensions.h"; sourceTree = "<group>"; };
		848BF3FD29A128A5007FD479 /* UIView+Extensions.m */ = {isa = PBXFileReference; lastKnownFileType = sourcecode.c.objc; path = "UIView+Extensions.m"; sourceTree = "<group>"; };
		848BF40129A1308D007FD479 /* User.h */ = {isa = PBXFileReference; lastKnownFileType = sourcecode.c.h; path = User.h; sourceTree = "<group>"; };
		848BF40229A1308D007FD479 /* User.m */ = {isa = PBXFileReference; lastKnownFileType = sourcecode.c.objc; path = User.m; sourceTree = "<group>"; };
		84C5B23A299D06F9006C29F7 /* OYMSwipeMatchApp.app */ = {isa = PBXFileReference; explicitFileType = wrapper.application; includeInIndex = 0; path = OYMSwipeMatchApp.app; sourceTree = BUILT_PRODUCTS_DIR; };
		84C5B23D299D06F9006C29F7 /* AppDelegate.h */ = {isa = PBXFileReference; lastKnownFileType = sourcecode.c.h; path = AppDelegate.h; sourceTree = "<group>"; };
		84C5B23E299D06F9006C29F7 /* AppDelegate.m */ = {isa = PBXFileReference; lastKnownFileType = sourcecode.c.objc; path = AppDelegate.m; sourceTree = "<group>"; };
		84C5B240299D06F9006C29F7 /* SceneDelegate.h */ = {isa = PBXFileReference; lastKnownFileType = sourcecode.c.h; path = SceneDelegate.h; sourceTree = "<group>"; };
		84C5B241299D06F9006C29F7 /* SceneDelegate.m */ = {isa = PBXFileReference; lastKnownFileType = sourcecode.c.objc; path = SceneDelegate.m; sourceTree = "<group>"; };
		84C5B243299D06F9006C29F7 /* HomeViewController.h */ = {isa = PBXFileReference; lastKnownFileType = sourcecode.c.h; path = HomeViewController.h; sourceTree = "<group>"; };
		84C5B244299D06F9006C29F7 /* HomeViewController.m */ = {isa = PBXFileReference; lastKnownFileType = sourcecode.c.objc; path = HomeViewController.m; sourceTree = "<group>"; };
		84C5B247299D06F9006C29F7 /* Base */ = {isa = PBXFileReference; lastKnownFileType = file.storyboard; name = Base; path = Base.lproj/Main.storyboard; sourceTree = "<group>"; };
		84C5B249299D06FA006C29F7 /* Assets.xcassets */ = {isa = PBXFileReference; lastKnownFileType = folder.assetcatalog; path = Assets.xcassets; sourceTree = "<group>"; };
		84C5B24C299D06FA006C29F7 /* Base */ = {isa = PBXFileReference; lastKnownFileType = file.storyboard; name = Base; path = Base.lproj/LaunchScreen.storyboard; sourceTree = "<group>"; };
		84C5B24E299D06FA006C29F7 /* Info.plist */ = {isa = PBXFileReference; lastKnownFileType = text.plist.xml; path = Info.plist; sourceTree = "<group>"; };
		84C5B24F299D06FA006C29F7 /* main.m */ = {isa = PBXFileReference; lastKnownFileType = sourcecode.c.objc; path = main.m; sourceTree = "<group>"; };
		84C5B257299D0F1E006C29F7 /* HomeBottomControlsStackView.h */ = {isa = PBXFileReference; lastKnownFileType = sourcecode.c.h; path = HomeBottomControlsStackView.h; sourceTree = "<group>"; };
		84C5B258299D0F1E006C29F7 /* HomeBottomControlsStackView.m */ = {isa = PBXFileReference; lastKnownFileType = sourcecode.c.objc; path = HomeBottomControlsStackView.m; sourceTree = "<group>"; };
		84C5B25A299D1511006C29F7 /* TopNavigationStackView.h */ = {isa = PBXFileReference; lastKnownFileType = sourcecode.c.h; path = TopNavigationStackView.h; sourceTree = "<group>"; };
		84C5B25B299D1511006C29F7 /* TopNavigationStackView.m */ = {isa = PBXFileReference; lastKnownFileType = sourcecode.c.objc; path = TopNavigationStackView.m; sourceTree = "<group>"; };
		84C5B25D299EED4F006C29F7 /* CardView.h */ = {isa = PBXFileReference; lastKnownFileType = sourcecode.c.h; path = CardView.h; sourceTree = "<group>"; };
		84C5B25E299EED4F006C29F7 /* CardView.m */ = {isa = PBXFileReference; lastKnownFileType = sourcecode.c.objc; path = CardView.m; sourceTree = "<group>"; };
/* End PBXFileReference section */

/* Begin PBXFrameworksBuildPhase section */
		84C5B237299D06F9006C29F7 /* Frameworks */ = {
			isa = PBXFrameworksBuildPhase;
			buildActionMask = 2147483647;
			files = (
			);
			runOnlyForDeploymentPostprocessing = 0;
		};
/* End PBXFrameworksBuildPhase section */

/* Begin PBXGroup section */
		848BF3FB29A127F5007FD479 /* Extensions */ = {
			isa = PBXGroup;
			children = (
				848BF3FC29A128A5007FD479 /* UIView+Extensions.h */,
				848BF3FD29A128A5007FD479 /* UIView+Extensions.m */,
			);
			path = Extensions;
			sourceTree = "<group>";
		};
		848BF40029A13066007FD479 /* Model */ = {
			isa = PBXGroup;
			children = (
				848BF40129A1308D007FD479 /* User.h */,
				848BF40229A1308D007FD479 /* User.m */,
			);
			path = Model;
			sourceTree = "<group>";
		};
		84C5B231299D06F8006C29F7 = {
			isa = PBXGroup;
			children = (
				84C5B23C299D06F9006C29F7 /* OYMSwipeMatchApp */,
				84C5B23B299D06F9006C29F7 /* Products */,
			);
			sourceTree = "<group>";
		};
		84C5B23B299D06F9006C29F7 /* Products */ = {
			isa = PBXGroup;
			children = (
				84C5B23A299D06F9006C29F7 /* OYMSwipeMatchApp.app */,
			);
			name = Products;
			sourceTree = "<group>";
		};
		84C5B23C299D06F9006C29F7 /* OYMSwipeMatchApp */ = {
			isa = PBXGroup;
			children = (
				848BF3FB29A127F5007FD479 /* Extensions */,
				848BF40029A13066007FD479 /* Model */,
				84C5B256299D0E35006C29F7 /* Views */,
				84C5B23D299D06F9006C29F7 /* AppDelegate.h */,
				84C5B23E299D06F9006C29F7 /* AppDelegate.m */,
				84C5B240299D06F9006C29F7 /* SceneDelegate.h */,
				84C5B241299D06F9006C29F7 /* SceneDelegate.m */,
				84C5B243299D06F9006C29F7 /* HomeViewController.h */,
				84C5B244299D06F9006C29F7 /* HomeViewController.m */,
				84C5B246299D06F9006C29F7 /* Main.storyboard */,
				84C5B249299D06FA006C29F7 /* Assets.xcassets */,
				84C5B24B299D06FA006C29F7 /* LaunchScreen.storyboard */,
				84C5B24E299D06FA006C29F7 /* Info.plist */,
				84C5B24F299D06FA006C29F7 /* main.m */,
			);
			path = OYMSwipeMatchApp;
			sourceTree = "<group>";
		};
		84C5B256299D0E35006C29F7 /* Views */ = {
			isa = PBXGroup;
			children = (
				84C5B257299D0F1E006C29F7 /* HomeBottomControlsStackView.h */,
				84C5B258299D0F1E006C29F7 /* HomeBottomControlsStackView.m */,
				84C5B25A299D1511006C29F7 /* TopNavigationStackView.h */,
				84C5B25B299D1511006C29F7 /* TopNavigationStackView.m */,
				84C5B25D299EED4F006C29F7 /* CardView.h */,
				84C5B25E299EED4F006C29F7 /* CardView.m */,
			);
			path = Views;
			sourceTree = "<group>";
		};
/* End PBXGroup section */

/* Begin PBXNativeTarget section */
		84C5B239299D06F9006C29F7 /* OYMSwipeMatchApp */ = {
			isa = PBXNativeTarget;
			buildConfigurationList = 84C5B253299D06FA006C29F7 /* Build configuration list for PBXNativeTarget "OYMSwipeMatchApp" */;
			buildPhases = (
				84C5B236299D06F9006C29F7 /* Sources */,
				84C5B237299D06F9006C29F7 /* Frameworks */,
				84C5B238299D06F9006C29F7 /* Resources */,
			);
			buildRules = (
			);
			dependencies = (
			);
			name = OYMSwipeMatchApp;
			productName = OYMSwipeMatchApp;
			productReference = 84C5B23A299D06F9006C29F7 /* OYMSwipeMatchApp.app */;
			productType = "com.apple.product-type.application";
		};
/* End PBXNativeTarget section */

/* Begin PBXProject section */
		84C5B232299D06F8006C29F7 /* Project object */ = {
			isa = PBXProject;
			attributes = {
				BuildIndependentTargetsInParallel = 1;
				LastUpgradeCheck = 1420;
				TargetAttributes = {
					84C5B239299D06F9006C29F7 = {
						CreatedOnToolsVersion = 14.2;
					};
				};
			};
			buildConfigurationList = 84C5B235299D06F8006C29F7 /* Build configuration list for PBXProject "OYMSwipeMatchApp" */;
			compatibilityVersion = "Xcode 14.0";
			developmentRegion = en;
			hasScannedForEncodings = 0;
			knownRegions = (
				en,
				Base,
			);
			mainGroup = 84C5B231299D06F8006C29F7;
			productRefGroup = 84C5B23B299D06F9006C29F7 /* Products */;
			projectDirPath = "";
			projectRoot = "";
			targets = (
				84C5B239299D06F9006C29F7 /* OYMSwipeMatchApp */,
			);
		};
/* End PBXProject section */

/* Begin PBXResourcesBuildPhase section */
		84C5B238299D06F9006C29F7 /* Resources */ = {
			isa = PBXResourcesBuildPhase;
			buildActionMask = 2147483647;
			files = (
				84C5B24D299D06FA006C29F7 /* LaunchScreen.storyboard in Resources */,
				84C5B24A299D06FA006C29F7 /* Assets.xcassets in Resources */,
				84C5B248299D06F9006C29F7 /* Main.storyboard in Resources */,
			);
			runOnlyForDeploymentPostprocessing = 0;
		};
/* End PBXResourcesBuildPhase section */

/* Begin PBXSourcesBuildPhase section */
		84C5B236299D06F9006C29F7 /* Sources */ = {
			isa = PBXSourcesBuildPhase;
			buildActionMask = 2147483647;
			files = (
				84C5B245299D06F9006C29F7 /* HomeViewController.m in Sources */,
				84C5B23F299D06F9006C29F7 /* AppDelegate.m in Sources */,
				848BF40329A1308D007FD479 /* User.m in Sources */,
				848BF3FE29A128A5007FD479 /* UIView+Extensions.m in Sources */,
				84C5B259299D0F1E006C29F7 /* HomeBottomControlsStackView.m in Sources */,
				84C5B250299D06FA006C29F7 /* main.m in Sources */,
				84C5B242299D06F9006C29F7 /* SceneDelegate.m in Sources */,
				84C5B25C299D1511006C29F7 /* TopNavigationStackView.m in Sources */,
				84C5B25F299EED4F006C29F7 /* CardView.m in Sources */,
			);
			runOnlyForDeploymentPostprocessing = 0;
		};
/* End PBXSourcesBuildPhase section */

/* Begin PBXVariantGroup section */
		84C5B246299D06F9006C29F7 /* Main.storyboard */ = {
			isa = PBXVariantGroup;
			children = (
				84C5B247299D06F9006C29F7 /* Base */,
			);
			name = Main.storyboard;
			sourceTree = "<group>";
		};
		84C5B24B299D06FA006C29F7 /* LaunchScreen.storyboard */ = {
			isa = PBXVariantGroup;
			children = (
				84C5B24C299D06FA006C29F7 /* Base */,
			);
			name = LaunchScreen.storyboard;
			sourceTree = "<group>";
		};
/* End PBXVariantGroup section */

/* Begin XCBuildConfiguration section */
		84C5B251299D06FA006C29F7 /* Debug */ = {
			isa = XCBuildConfiguration;
			buildSettings = {
				ALWAYS_SEARCH_USER_PATHS = NO;
				CLANG_ANALYZER_NONNULL = YES;
				CLANG_ANALYZER_NUMBER_OBJECT_CONVERSION = YES_AGGRESSIVE;
				CLANG_CXX_LANGUAGE_STANDARD = "gnu++20";
				CLANG_ENABLE_MODULES = YES;
				CLANG_ENABLE_OBJC_ARC = YES;
				CLANG_ENABLE_OBJC_WEAK = YES;
				CLANG_WARN_BLOCK_CAPTURE_AUTORELEASING = YES;
				CLANG_WARN_BOOL_CONVERSION = YES;
				CLANG_WARN_COMMA = YES;
				CLANG_WARN_CONSTANT_CONVERSION = YES;
				CLANG_WARN_DEPRECATED_OBJC_IMPLEMENTATIONS = YES;
				CLANG_WARN_DIRECT_OBJC_ISA_USAGE = YES_ERROR;
				CLANG_WARN_DOCUMENTATION_COMMENTS = YES;
				CLANG_WARN_EMPTY_BODY = YES;
				CLANG_WARN_ENUM_CONVERSION = YES;
				CLANG_WARN_INFINITE_RECURSION = YES;
				CLANG_WARN_INT_CONVERSION = YES;
				CLANG_WARN_NON_LITERAL_NULL_CONVERSION = YES;
				CLANG_WARN_OBJC_IMPLICIT_RETAIN_SELF = YES;
				CLANG_WARN_OBJC_LITERAL_CONVERSION = YES;
				CLANG_WARN_OBJC_ROOT_CLASS = YES_ERROR;
				CLANG_WARN_QUOTED_INCLUDE_IN_FRAMEWORK_HEADER = YES;
				CLANG_WARN_RANGE_LOOP_ANALYSIS = YES;
				CLANG_WARN_STRICT_PROTOTYPES = YES;
				CLANG_WARN_SUSPICIOUS_MOVE = YES;
				CLANG_WARN_UNGUARDED_AVAILABILITY = YES_AGGRESSIVE;
				CLANG_WARN_UNREACHABLE_CODE = YES;
				CLANG_WARN__DUPLICATE_METHOD_MATCH = YES;
				COPY_PHASE_STRIP = NO;
				DEBUG_INFORMATION_FORMAT = dwarf;
				ENABLE_STRICT_OBJC_MSGSEND = YES;
				ENABLE_TESTABILITY = YES;
				GCC_C_LANGUAGE_STANDARD = gnu11;
				GCC_DYNAMIC_NO_PIC = NO;
				GCC_NO_COMMON_BLOCKS = YES;
				GCC_OPTIMIZATION_LEVEL = 0;
				GCC_PREPROCESSOR_DEFINITIONS = (
					"DEBUG=1",
					"$(inherited)",
				);
				GCC_WARN_64_TO_32_BIT_CONVERSION = YES;
				GCC_WARN_ABOUT_RETURN_TYPE = YES_ERROR;
				GCC_WARN_UNDECLARED_SELECTOR = YES;
				GCC_WARN_UNINITIALIZED_AUTOS = YES_AGGRESSIVE;
				GCC_WARN_UNUSED_FUNCTION = YES;
				GCC_WARN_UNUSED_VARIABLE = YES;
				IPHONEOS_DEPLOYMENT_TARGET = 16.2;
				MTL_ENABLE_DEBUG_INFO = INCLUDE_SOURCE;
				MTL_FAST_MATH = YES;
				ONLY_ACTIVE_ARCH = YES;
				SDKROOT = iphoneos;
			};
			name = Debug;
		};
		84C5B252299D06FA006C29F7 /* Release */ = {
			isa = XCBuildConfiguration;
			buildSettings = {
				ALWAYS_SEARCH_USER_PATHS = NO;
				CLANG_ANALYZER_NONNULL = YES;
				CLANG_ANALYZER_NUMBER_OBJECT_CONVERSION = YES_AGGRESSIVE;
				CLANG_CXX_LANGUAGE_STANDARD = "gnu++20";
				CLANG_ENABLE_MODULES = YES;
				CLANG_ENABLE_OBJC_ARC = YES;
				CLANG_ENABLE_OBJC_WEAK = YES;
				CLANG_WARN_BLOCK_CAPTURE_AUTORELEASING = YES;
				CLANG_WARN_BOOL_CONVERSION = YES;
				CLANG_WARN_COMMA = YES;
				CLANG_WARN_CONSTANT_CONVERSION = YES;
				CLANG_WARN_DEPRECATED_OBJC_IMPLEMENTATIONS = YES;
				CLANG_WARN_DIRECT_OBJC_ISA_USAGE = YES_ERROR;
				CLANG_WARN_DOCUMENTATION_COMMENTS = YES;
				CLANG_WARN_EMPTY_BODY = YES;
				CLANG_WARN_ENUM_CONVERSION = YES;
				CLANG_WARN_INFINITE_RECURSION = YES;
				CLANG_WARN_INT_CONVERSION = YES;
				CLANG_WARN_NON_LITERAL_NULL_CONVERSION = YES;
				CLANG_WARN_OBJC_IMPLICIT_RETAIN_SELF = YES;
				CLANG_WARN_OBJC_LITERAL_CONVERSION = YES;
				CLANG_WARN_OBJC_ROOT_CLASS = YES_ERROR;
				CLANG_WARN_QUOTED_INCLUDE_IN_FRAMEWORK_HEADER = YES;
				CLANG_WARN_RANGE_LOOP_ANALYSIS = YES;
				CLANG_WARN_STRICT_PROTOTYPES = YES;
				CLANG_WARN_SUSPICIOUS_MOVE = YES;
				CLANG_WARN_UNGUARDED_AVAILABILITY = YES_AGGRESSIVE;
				CLANG_WARN_UNREACHABLE_CODE = YES;
				CLANG_WARN__DUPLICATE_METHOD_MATCH = YES;
				COPY_PHASE_STRIP = NO;
				DEBUG_INFORMATION_FORMAT = "dwarf-with-dsym";
				ENABLE_NS_ASSERTIONS = NO;
				ENABLE_STRICT_OBJC_MSGSEND = YES;
				GCC_C_LANGUAGE_STANDARD = gnu11;
				GCC_NO_COMMON_BLOCKS = YES;
				GCC_WARN_64_TO_32_BIT_CONVERSION = YES;
				GCC_WARN_ABOUT_RETURN_TYPE = YES_ERROR;
				GCC_WARN_UNDECLARED_SELECTOR = YES;
				GCC_WARN_UNINITIALIZED_AUTOS = YES_AGGRESSIVE;
				GCC_WARN_UNUSED_FUNCTION = YES;
				GCC_WARN_UNUSED_VARIABLE = YES;
				IPHONEOS_DEPLOYMENT_TARGET = 16.2;
				MTL_ENABLE_DEBUG_INFO = NO;
				MTL_FAST_MATH = YES;
				SDKROOT = iphoneos;
				VALIDATE_PRODUCT = YES;
			};
			name = Release;
		};
		84C5B254299D06FA006C29F7 /* Debug */ = {
			isa = XCBuildConfiguration;
			buildSettings = {
				ASSETCATALOG_COMPILER_APPICON_NAME = AppIcon;
				ASSETCATALOG_COMPILER_GLOBAL_ACCENT_COLOR_NAME = AccentColor;
				CODE_SIGN_STYLE = Automatic;
				CURRENT_PROJECT_VERSION = 1;
				DEVELOPMENT_TEAM = 3G3AJ7NL3Q;
				GENERATE_INFOPLIST_FILE = YES;
				INFOPLIST_FILE = OYMSwipeMatchApp/Info.plist;
				INFOPLIST_KEY_UIApplicationSupportsIndirectInputEvents = YES;
				INFOPLIST_KEY_UILaunchStoryboardName = LaunchScreen;
				INFOPLIST_KEY_UIMainStoryboardFile = Main;
				INFOPLIST_KEY_UISupportedInterfaceOrientations_iPad = "UIInterfaceOrientationPortrait UIInterfaceOrientationPortraitUpsideDown UIInterfaceOrientationLandscapeLeft UIInterfaceOrientationLandscapeRight";
				INFOPLIST_KEY_UISupportedInterfaceOrientations_iPhone = "UIInterfaceOrientationPortrait UIInterfaceOrientationLandscapeLeft UIInterfaceOrientationLandscapeRight";
				IPHONEOS_DEPLOYMENT_TARGET = 16.2;
				LD_RUNPATH_SEARCH_PATHS = (
					"$(inherited)",
					"@executable_path/Frameworks",
				);
				MARKETING_VERSION = 1.0;
				PRODUCT_BUNDLE_IDENTIFIER = com.example.OYMSwipeMatchApp;
				PRODUCT_NAME = "$(TARGET_NAME)";
				SWIFT_EMIT_LOC_STRINGS = YES;
				TARGETED_DEVICE_FAMILY = "1,2";
			};
			name = Debug;
		};
		84C5B255299D06FA006C29F7 /* Release */ = {
			isa = XCBuildConfiguration;
			buildSettings = {
				ASSETCATALOG_COMPILER_APPICON_NAME = AppIcon;
				ASSETCATALOG_COMPILER_GLOBAL_ACCENT_COLOR_NAME = AccentColor;
				CODE_SIGN_STYLE = Automatic;
				CURRENT_PROJECT_VERSION = 1;
				DEVELOPMENT_TEAM = 3G3AJ7NL3Q;
				GENERATE_INFOPLIST_FILE = YES;
				INFOPLIST_FILE = OYMSwipeMatchApp/Info.plist;
				INFOPLIST_KEY_UIApplicationSupportsIndirectInputEvents = YES;
				INFOPLIST_KEY_UILaunchStoryboardName = LaunchScreen;
				INFOPLIST_KEY_UIMainStoryboardFile = Main;
				INFOPLIST_KEY_UISupportedInterfaceOrientations_iPad = "UIInterfaceOrientationPortrait UIInterfaceOrientationPortraitUpsideDown UIInterfaceOrientationLandscapeLeft UIInterfaceOrientationLandscapeRight";
				INFOPLIST_KEY_UISupportedInterfaceOrientations_iPhone = "UIInterfaceOrientationPortrait UIInterfaceOrientationLandscapeLeft UIInterfaceOrientationLandscapeRight";
				IPHONEOS_DEPLOYMENT_TARGET = 16.2;
				LD_RUNPATH_SEARCH_PATHS = (
					"$(inherited)",
					"@executable_path/Frameworks",
				);
				MARKETING_VERSION = 1.0;
				PRODUCT_BUNDLE_IDENTIFIER = com.example.OYMSwipeMatchApp;
				PRODUCT_NAME = "$(TARGET_NAME)";
				SWIFT_EMIT_LOC_STRINGS = YES;
				TARGETED_DEVICE_FAMILY = "1,2";
			};
			name = Release;
		};
/* End XCBuildConfiguration section */

/* Begin XCConfigurationList section */
		84C5B235299D06F8006C29F7 /* Build configuration list for PBXProject "OYMSwipeMatchApp" */ = {
			isa = XCConfigurationList;
			buildConfigurations = (
				84C5B251299D06FA006C29F7 /* Debug */,
				84C5B252299D06FA006C29F7 /* Release */,
			);
			defaultConfigurationIsVisible = 0;
			defaultConfigurationName = Release;
		};
		84C5B253299D06FA006C29F7 /* Build configuration list for PBXNativeTarget "OYMSwipeMatchApp" */ = {
			isa = XCConfigurationList;
			buildConfigurations = (
				84C5B254299D06FA006C29F7 /* Debug */,
				84C5B255299D06FA006C29F7 /* Release */,
			);
			defaultConfigurationIsVisible = 0;
			defaultConfigurationName = Release;
		};
/* End XCConfigurationList section */
	};
	rootObject = 84C5B232299D06F8006C29F7 /* Project object */;
}
